// !$*UTF8*$!
{
	archiveVersion = 1;
	classes = {
	};
	objectVersion = 50;
	objects = {

/* Begin PBXBuildFile section */
		8930A284208FD72200F40122 /* AppDelegate.swift in Sources */ = {isa = PBXBuildFile; fileRef = 8930A283208FD72200F40122 /* AppDelegate.swift */; };
		8930A286208FD72200F40122 /* ViewController.swift in Sources */ = {isa = PBXBuildFile; fileRef = 8930A285208FD72200F40122 /* ViewController.swift */; };
		8930A289208FD72200F40122 /* Main.storyboard in Resources */ = {isa = PBXBuildFile; fileRef = 8930A287208FD72200F40122 /* Main.storyboard */; };
		8930A28B208FD72300F40122 /* Assets.xcassets in Resources */ = {isa = PBXBuildFile; fileRef = 8930A28A208FD72300F40122 /* Assets.xcassets */; };
		8930A28E208FD72300F40122 /* LaunchScreen.storyboard in Resources */ = {isa = PBXBuildFile; fileRef = 8930A28C208FD72300F40122 /* LaunchScreen.storyboard */; };
		8930A299208FD72300F40122 /* SeeFoodTests.swift in Sources */ = {isa = PBXBuildFile; fileRef = 8930A298208FD72300F40122 /* SeeFoodTests.swift */; };
		8930A2A4208FD72300F40122 /* SeeFoodUITests.swift in Sources */ = {isa = PBXBuildFile; fileRef = 8930A2A3208FD72300F40122 /* SeeFoodUITests.swift */; };
/* End PBXBuildFile section */

/* Begin PBXContainerItemProxy section */
		8930A295208FD72300F40122 /* PBXContainerItemProxy */ = {
			isa = PBXContainerItemProxy;
			containerPortal = 8930A278208FD72200F40122 /* Project object */;
			proxyType = 1;
			remoteGlobalIDString = 8930A27F208FD72200F40122;
			remoteInfo = SeeFood;
		};
		8930A2A0208FD72300F40122 /* PBXContainerItemProxy */ = {
			isa = PBXContainerItemProxy;
			containerPortal = 8930A278208FD72200F40122 /* Project object */;
			proxyType = 1;
			remoteGlobalIDString = 8930A27F208FD72200F40122;
			remoteInfo = SeeFood;
		};
/* End PBXContainerItemProxy section */

/* Begin PBXFileReference section */
		8930A280208FD72200F40122 /* SeeFood.app */ = {isa = PBXFileReference; explicitFileType = wrapper.application; includeInIndex = 0; path = SeeFood.app; sourceTree = BUILT_PRODUCTS_DIR; };
		8930A283208FD72200F40122 /* AppDelegate.swift */ = {isa = PBXFileReference; lastKnownFileType = sourcecode.swift; path = AppDelegate.swift; sourceTree = "<group>"; };
		8930A285208FD72200F40122 /* ViewController.swift */ = {isa = PBXFileReference; lastKnownFileType = sourcecode.swift; path = ViewController.swift; sourceTree = "<group>"; };
		8930A288208FD72200F40122 /* Base */ = {isa = PBXFileReference; lastKnownFileType = file.storyboard; name = Base; path = Base.lproj/Main.storyboard; sourceTree = "<group>"; };
		8930A28A208FD72300F40122 /* Assets.xcassets */ = {isa = PBXFileReference; lastKnownFileType = folder.assetcatalog; path = Assets.xcassets; sourceTree = "<group>"; };
		8930A28D208FD72300F40122 /* Base */ = {isa = PBXFileReference; lastKnownFileType = file.storyboard; name = Base; path = Base.lproj/LaunchScreen.storyboard; sourceTree = "<group>"; };
		8930A28F208FD72300F40122 /* Info.plist */ = {isa = PBXFileReference; lastKnownFileType = text.plist.xml; path = Info.plist; sourceTree = "<group>"; };
		8930A294208FD72300F40122 /* SeeFoodTests.xctest */ = {isa = PBXFileReference; explicitFileType = wrapper.cfbundle; includeInIndex = 0; path = SeeFoodTests.xctest; sourceTree = BUILT_PRODUCTS_DIR; };
		8930A298208FD72300F40122 /* SeeFoodTests.swift */ = {isa = PBXFileReference; lastKnownFileType = sourcecode.swift; path = SeeFoodTests.swift; sourceTree = "<group>"; };
		8930A29A208FD72300F40122 /* Info.plist */ = {isa = PBXFileReference; lastKnownFileType = text.plist.xml; path = Info.plist; sourceTree = "<group>"; };
		8930A29F208FD72300F40122 /* SeeFoodUITests.xctest */ = {isa = PBXFileReference; explicitFileType = wrapper.cfbundle; includeInIndex = 0; path = SeeFoodUITests.xctest; sourceTree = BUILT_PRODUCTS_DIR; };
		8930A2A3208FD72300F40122 /* SeeFoodUITests.swift */ = {isa = PBXFileReference; lastKnownFileType = sourcecode.swift; path = SeeFoodUITests.swift; sourceTree = "<group>"; };
		8930A2A5208FD72300F40122 /* Info.plist */ = {isa = PBXFileReference; lastKnownFileType = text.plist.xml; path = Info.plist; sourceTree = "<group>"; };
/* End PBXFileReference section */

/* Begin PBXFrameworksBuildPhase section */
		8930A27D208FD72200F40122 /* Frameworks */ = {
			isa = PBXFrameworksBuildPhase;
			buildActionMask = 2147483647;
			files = (
			);
			runOnlyForDeploymentPostprocessing = 0;
		};
		8930A291208FD72300F40122 /* Frameworks */ = {
			isa = PBXFrameworksBuildPhase;
			buildActionMask = 2147483647;
			files = (
			);
			runOnlyForDeploymentPostprocessing = 0;
		};
		8930A29C208FD72300F40122 /* Frameworks */ = {
			isa = PBXFrameworksBuildPhase;
			buildActionMask = 2147483647;
			files = (
			);
			runOnlyForDeploymentPostprocessing = 0;
		};
/* End PBXFrameworksBuildPhase section */

/* Begin PBXGroup section */
		8930A277208FD72200F40122 = {
			isa = PBXGroup;
			children = (
				8930A282208FD72200F40122 /* SeeFood */,
				8930A297208FD72300F40122 /* SeeFoodTests */,
				8930A2A2208FD72300F40122 /* SeeFoodUITests */,
				8930A281208FD72200F40122 /* Products */,
			);
			sourceTree = "<group>";
		};
		8930A281208FD72200F40122 /* Products */ = {
			isa = PBXGroup;
			children = (
				8930A280208FD72200F40122 /* SeeFood.app */,
				8930A294208FD72300F40122 /* SeeFoodTests.xctest */,
				8930A29F208FD72300F40122 /* SeeFoodUITests.xctest */,
			);
			name = Products;
			sourceTree = "<group>";
		};
		8930A282208FD72200F40122 /* SeeFood */ = {
			isa = PBXGroup;
			children = (
				8930A283208FD72200F40122 /* AppDelegate.swift */,
				8930A285208FD72200F40122 /* ViewController.swift */,
				8930A287208FD72200F40122 /* Main.storyboard */,
				8930A28A208FD72300F40122 /* Assets.xcassets */,
				8930A28C208FD72300F40122 /* LaunchScreen.storyboard */,
				8930A28F208FD72300F40122 /* Info.plist */,
			);
			path = SeeFood;
			sourceTree = "<group>";
		};
		8930A297208FD72300F40122 /* SeeFoodTests */ = {
			isa = PBXGroup;
			children = (
				8930A298208FD72300F40122 /* SeeFoodTests.swift */,
				8930A29A208FD72300F40122 /* Info.plist */,
			);
			path = SeeFoodTests;
			sourceTree = "<group>";
		};
		8930A2A2208FD72300F40122 /* SeeFoodUITests */ = {
			isa = PBXGroup;
			children = (
				8930A2A3208FD72300F40122 /* SeeFoodUITests.swift */,
				8930A2A5208FD72300F40122 /* Info.plist */,
			);
			path = SeeFoodUITests;
			sourceTree = "<group>";
		};
/* End PBXGroup section */

/* Begin PBXNativeTarget section */
		8930A27F208FD72200F40122 /* SeeFood */ = {
			isa = PBXNativeTarget;
			buildConfigurationList = 8930A2A8208FD72300F40122 /* Build configuration list for PBXNativeTarget "SeeFood" */;
			buildPhases = (
				8930A27C208FD72200F40122 /* Sources */,
				8930A27D208FD72200F40122 /* Frameworks */,
				8930A27E208FD72200F40122 /* Resources */,
			);
			buildRules = (
			);
			dependencies = (
			);
			name = SeeFood;
			productName = SeeFood;
			productReference = 8930A280208FD72200F40122 /* SeeFood.app */;
			productType = "com.apple.product-type.application";
		};
		8930A293208FD72300F40122 /* SeeFoodTests */ = {
			isa = PBXNativeTarget;
			buildConfigurationList = 8930A2AB208FD72300F40122 /* Build configuration list for PBXNativeTarget "SeeFoodTests" */;
			buildPhases = (
				8930A290208FD72300F40122 /* Sources */,
				8930A291208FD72300F40122 /* Frameworks */,
				8930A292208FD72300F40122 /* Resources */,
			);
			buildRules = (
			);
			dependencies = (
				8930A296208FD72300F40122 /* PBXTargetDependency */,
			);
			name = SeeFoodTests;
			productName = SeeFoodTests;
			productReference = 8930A294208FD72300F40122 /* SeeFoodTests.xctest */;
			productType = "com.apple.product-type.bundle.unit-test";
		};
		8930A29E208FD72300F40122 /* SeeFoodUITests */ = {
			isa = PBXNativeTarget;
			buildConfigurationList = 8930A2AE208FD72300F40122 /* Build configuration list for PBXNativeTarget "SeeFoodUITests" */;
			buildPhases = (
				8930A29B208FD72300F40122 /* Sources */,
				8930A29C208FD72300F40122 /* Frameworks */,
				8930A29D208FD72300F40122 /* Resources */,
			);
			buildRules = (
			);
			dependencies = (
				8930A2A1208FD72300F40122 /* PBXTargetDependency */,
			);
			name = SeeFoodUITests;
			productName = SeeFoodUITests;
			productReference = 8930A29F208FD72300F40122 /* SeeFoodUITests.xctest */;
			productType = "com.apple.product-type.bundle.ui-testing";
		};
/* End PBXNativeTarget section */

/* Begin PBXProject section */
		8930A278208FD72200F40122 /* Project object */ = {
			isa = PBXProject;
			attributes = {
				LastSwiftUpdateCheck = 0930;
				LastUpgradeCheck = 0930;
				ORGANIZATIONNAME = "Konstantinidis, Evangelos";
				TargetAttributes = {
					8930A27F208FD72200F40122 = {
						CreatedOnToolsVersion = 9.3;
					};
					8930A293208FD72300F40122 = {
						CreatedOnToolsVersion = 9.3;
						TestTargetID = 8930A27F208FD72200F40122;
					};
					8930A29E208FD72300F40122 = {
						CreatedOnToolsVersion = 9.3;
						TestTargetID = 8930A27F208FD72200F40122;
					};
				};
			};
			buildConfigurationList = 8930A27B208FD72200F40122 /* Build configuration list for PBXProject "SeeFood" */;
			compatibilityVersion = "Xcode 9.3";
			developmentRegion = en;
			hasScannedForEncodings = 0;
			knownRegions = (
				en,
				Base,
			);
			mainGroup = 8930A277208FD72200F40122;
			productRefGroup = 8930A281208FD72200F40122 /* Products */;
			projectDirPath = "";
			projectRoot = "";
			targets = (
				8930A27F208FD72200F40122 /* SeeFood */,
				8930A293208FD72300F40122 /* SeeFoodTests */,
				8930A29E208FD72300F40122 /* SeeFoodUITests */,
			);
		};
/* End PBXProject section */

/* Begin PBXResourcesBuildPhase section */
		8930A27E208FD72200F40122 /* Resources */ = {
			isa = PBXResourcesBuildPhase;
			buildActionMask = 2147483647;
			files = (
				8930A28E208FD72300F40122 /* LaunchScreen.storyboard in Resources */,
				8930A28B208FD72300F40122 /* Assets.xcassets in Resources */,
				8930A289208FD72200F40122 /* Main.storyboard in Resources */,
			);
			runOnlyForDeploymentPostprocessing = 0;
		};
		8930A292208FD72300F40122 /* Resources */ = {
			isa = PBXResourcesBuildPhase;
			buildActionMask = 2147483647;
			files = (
			);
			runOnlyForDeploymentPostprocessing = 0;
		};
		8930A29D208FD72300F40122 /* Resources */ = {
			isa = PBXResourcesBuildPhase;
			buildActionMask = 2147483647;
			files = (
			);
			runOnlyForDeploymentPostprocessing = 0;
		};
/* End PBXResourcesBuildPhase section */

/* Begin PBXSourcesBuildPhase section */
		8930A27C208FD72200F40122 /* Sources */ = {
			isa = PBXSourcesBuildPhase;
			buildActionMask = 2147483647;
			files = (
				8930A286208FD72200F40122 /* ViewController.swift in Sources */,
				8930A284208FD72200F40122 /* AppDelegate.swift in Sources */,
			);
			runOnlyForDeploymentPostprocessing = 0;
		};
		8930A290208FD72300F40122 /* Sources */ = {
			isa = PBXSourcesBuildPhase;
			buildActionMask = 2147483647;
			files = (
				8930A299208FD72300F40122 /* SeeFoodTests.swift in Sources */,
			);
			runOnlyForDeploymentPostprocessing = 0;
		};
		8930A29B208FD72300F40122 /* Sources */ = {
			isa = PBXSourcesBuildPhase;
			buildActionMask = 2147483647;
			files = (
				8930A2A4208FD72300F40122 /* SeeFoodUITests.swift in Sources */,
			);
			runOnlyForDeploymentPostprocessing = 0;
		};
/* End PBXSourcesBuildPhase section */

/* Begin PBXTargetDependency section */
		8930A296208FD72300F40122 /* PBXTargetDependency */ = {
			isa = PBXTargetDependency;
			target = 8930A27F208FD72200F40122 /* SeeFood */;
			targetProxy = 8930A295208FD72300F40122 /* PBXContainerItemProxy */;
		};
		8930A2A1208FD72300F40122 /* PBXTargetDependency */ = {
			isa = PBXTargetDependency;
			target = 8930A27F208FD72200F40122 /* SeeFood */;
			targetProxy = 8930A2A0208FD72300F40122 /* PBXContainerItemProxy */;
		};
/* End PBXTargetDependency section */

/* Begin PBXVariantGroup section */
		8930A287208FD72200F40122 /* Main.storyboard */ = {
			isa = PBXVariantGroup;
			children = (
				8930A288208FD72200F40122 /* Base */,
			);
			name = Main.storyboard;
			sourceTree = "<group>";
		};
		8930A28C208FD72300F40122 /* LaunchScreen.storyboard */ = {
			isa = PBXVariantGroup;
			children = (
				8930A28D208FD72300F40122 /* Base */,
			);
			name = LaunchScreen.storyboard;
			sourceTree = "<group>";
		};
/* End PBXVariantGroup section */

/* Begin XCBuildConfiguration section */
		8930A2A6208FD72300F40122 /* Debug */ = {
			isa = XCBuildConfiguration;
			buildSettings = {
				ALWAYS_SEARCH_USER_PATHS = NO;
				CLANG_ANALYZER_NONNULL = YES;
				CLANG_ANALYZER_NUMBER_OBJECT_CONVERSION = YES_AGGRESSIVE;
				CLANG_CXX_LANGUAGE_STANDARD = "gnu++14";
				CLANG_CXX_LIBRARY = "libc++";
				CLANG_ENABLE_MODULES = YES;
				CLANG_ENABLE_OBJC_ARC = YES;
				CLANG_ENABLE_OBJC_WEAK = YES;
				CLANG_WARN_BLOCK_CAPTURE_AUTORELEASING = YES;
				CLANG_WARN_BOOL_CONVERSION = YES;
				CLANG_WARN_COMMA = YES;
				CLANG_WARN_CONSTANT_CONVERSION = YES;
				CLANG_WARN_DEPRECATED_OBJC_IMPLEMENTATIONS = YES;
				CLANG_WARN_DIRECT_OBJC_ISA_USAGE = YES_ERROR;
				CLANG_WARN_DOCUMENTATION_COMMENTS = YES;
				CLANG_WARN_EMPTY_BODY = YES;
				CLANG_WARN_ENUM_CONVERSION = YES;
				CLANG_WARN_INFINITE_RECURSION = YES;
				CLANG_WARN_INT_CONVERSION = YES;
				CLANG_WARN_NON_LITERAL_NULL_CONVERSION = YES;
				CLANG_WARN_OBJC_IMPLICIT_RETAIN_SELF = YES;
				CLANG_WARN_OBJC_LITERAL_CONVERSION = YES;
				CLANG_WARN_OBJC_ROOT_CLASS = YES_ERROR;
				CLANG_WARN_RANGE_LOOP_ANALYSIS = YES;
				CLANG_WARN_STRICT_PROTOTYPES = YES;
				CLANG_WARN_SUSPICIOUS_MOVE = YES;
				CLANG_WARN_UNGUARDED_AVAILABILITY = YES_AGGRESSIVE;
				CLANG_WARN_UNREACHABLE_CODE = YES;
				CLANG_WARN__DUPLICATE_METHOD_MATCH = YES;
				CODE_SIGN_IDENTITY = "iPhone Developer";
				COPY_PHASE_STRIP = NO;
				DEBUG_INFORMATION_FORMAT = dwarf;
				ENABLE_STRICT_OBJC_MSGSEND = YES;
				ENABLE_TESTABILITY = YES;
				GCC_C_LANGUAGE_STANDARD = gnu11;
				GCC_DYNAMIC_NO_PIC = NO;
				GCC_NO_COMMON_BLOCKS = YES;
				GCC_OPTIMIZATION_LEVEL = 0;
				GCC_PREPROCESSOR_DEFINITIONS = (
					"DEBUG=1",
					"$(inherited)",
				);
				GCC_WARN_64_TO_32_BIT_CONVERSION = YES;
				GCC_WARN_ABOUT_RETURN_TYPE = YES_ERROR;
				GCC_WARN_UNDECLARED_SELECTOR = YES;
				GCC_WARN_UNINITIALIZED_AUTOS = YES_AGGRESSIVE;
				GCC_WARN_UNUSED_FUNCTION = YES;
				GCC_WARN_UNUSED_VARIABLE = YES;
				IPHONEOS_DEPLOYMENT_TARGET = 11.3;
				MTL_ENABLE_DEBUG_INFO = YES;
				ONLY_ACTIVE_ARCH = YES;
				SDKROOT = iphoneos;
				SWIFT_ACTIVE_COMPILATION_CONDITIONS = DEBUG;
				SWIFT_OPTIMIZATION_LEVEL = "-Onone";
			};
			name = Debug;
		};
		8930A2A7208FD72300F40122 /* Release */ = {
			isa = XCBuildConfiguration;
			buildSettings = {
				ALWAYS_SEARCH_USER_PATHS = NO;
				CLANG_ANALYZER_NONNULL = YES;
				CLANG_ANALYZER_NUMBER_OBJECT_CONVERSION = YES_AGGRESSIVE;
				CLANG_CXX_LANGUAGE_STANDARD = "gnu++14";
				CLANG_CXX_LIBRARY = "libc++";
				CLANG_ENABLE_MODULES = YES;
				CLANG_ENABLE_OBJC_ARC = YES;
				CLANG_ENABLE_OBJC_WEAK = YES;
				CLANG_WARN_BLOCK_CAPTURE_AUTORELEASING = YES;
				CLANG_WARN_BOOL_CONVERSION = YES;
				CLANG_WARN_COMMA = YES;
				CLANG_WARN_CONSTANT_CONVERSION = YES;
				CLANG_WARN_DEPRECATED_OBJC_IMPLEMENTATIONS = YES;
				CLANG_WARN_DIRECT_OBJC_ISA_USAGE = YES_ERROR;
				CLANG_WARN_DOCUMENTATION_COMMENTS = YES;
				CLANG_WARN_EMPTY_BODY = YES;
				CLANG_WARN_ENUM_CONVERSION = YES;
				CLANG_WARN_INFINITE_RECURSION = YES;
				CLANG_WARN_INT_CONVERSION = YES;
				CLANG_WARN_NON_LITERAL_NULL_CONVERSION = YES;
				CLANG_WARN_OBJC_IMPLICIT_RETAIN_SELF = YES;
				CLANG_WARN_OBJC_LITERAL_CONVERSION = YES;
				CLANG_WARN_OBJC_ROOT_CLASS = YES_ERROR;
				CLANG_WARN_RANGE_LOOP_ANALYSIS = YES;
				CLANG_WARN_STRICT_PROTOTYPES = YES;
				CLANG_WARN_SUSPICIOUS_MOVE = YES;
				CLANG_WARN_UNGUARDED_AVAILABILITY = YES_AGGRESSIVE;
				CLANG_WARN_UNREACHABLE_CODE = YES;
				CLANG_WARN__DUPLICATE_METHOD_MATCH = YES;
				CODE_SIGN_IDENTITY = "iPhone Developer";
				COPY_PHASE_STRIP = NO;
				DEBUG_INFORMATION_FORMAT = "dwarf-with-dsym";
				ENABLE_NS_ASSERTIONS = NO;
				ENABLE_STRICT_OBJC_MSGSEND = YES;
				GCC_C_LANGUAGE_STANDARD = gnu11;
				GCC_NO_COMMON_BLOCKS = YES;
				GCC_WARN_64_TO_32_BIT_CONVERSION = YES;
				GCC_WARN_ABOUT_RETURN_TYPE = YES_ERROR;
				GCC_WARN_UNDECLARED_SELECTOR = YES;
				GCC_WARN_UNINITIALIZED_AUTOS = YES_AGGRESSIVE;
				GCC_WARN_UNUSED_FUNCTION = YES;
				GCC_WARN_UNUSED_VARIABLE = YES;
				IPHONEOS_DEPLOYMENT_TARGET = 11.3;
				MTL_ENABLE_DEBUG_INFO = NO;
				SDKROOT = iphoneos;
				SWIFT_COMPILATION_MODE = wholemodule;
				SWIFT_OPTIMIZATION_LEVEL = "-O";
				VALIDATE_PRODUCT = YES;
			};
			name = Release;
		};
		8930A2A9208FD72300F40122 /* Debug */ = {
			isa = XCBuildConfiguration;
			buildSettings = {
				ASSETCATALOG_COMPILER_APPICON_NAME = AppIcon;
				CODE_SIGN_STYLE = Automatic;
				INFOPLIST_FILE = SeeFood/Info.plist;
				LD_RUNPATH_SEARCH_PATHS = (
					"$(inherited)",
					"@executable_path/Frameworks",
				);
				PRODUCT_BUNDLE_IDENTIFIER = com.exxeta.SeeFood;
				PRODUCT_NAME = "$(TARGET_NAME)";
				SWIFT_VERSION = 4.0;
				TARGETED_DEVICE_FAMILY = "1,2";
			};
			name = Debug;
		};
		8930A2AA208FD72300F40122 /* Release */ = {
			isa = XCBuildConfiguration;
			buildSettings = {
				ASSETCATALOG_COMPILER_APPICON_NAME = AppIcon;
				CODE_SIGN_STYLE = Automatic;
				INFOPLIST_FILE = SeeFood/Info.plist;
				LD_RUNPATH_SEARCH_PATHS = (
					"$(inherited)",
					"@executable_path/Frameworks",
				);
				PRODUCT_BUNDLE_IDENTIFIER = com.exxeta.SeeFood;
				PRODUCT_NAME = "$(TARGET_NAME)";
				SWIFT_VERSION = 4.0;
				TARGETED_DEVICE_FAMILY = "1,2";
			};
			name = Release;
		};
		8930A2AC208FD72300F40122 /* Debug */ = {
			isa = XCBuildConfiguration;
			buildSettings = {
				ALWAYS_EMBED_SWIFT_STANDARD_LIBRARIES = YES;
				BUNDLE_LOADER = "$(TEST_HOST)";
				CODE_SIGN_STYLE = Automatic;
				INFOPLIST_FILE = SeeFoodTests/Info.plist;
				LD_RUNPATH_SEARCH_PATHS = (
					"$(inherited)",
					"@executable_path/Frameworks",
					"@loader_path/Frameworks",
				);
				PRODUCT_BUNDLE_IDENTIFIER = com.exxeta.SeeFoodTests;
				PRODUCT_NAME = "$(TARGET_NAME)";
				SWIFT_VERSION = 4.0;
				TARGETED_DEVICE_FAMILY = "1,2";
				TEST_HOST = "$(BUILT_PRODUCTS_DIR)/SeeFood.app/SeeFood";
			};
			name = Debug;
		};
		8930A2AD208FD72300F40122 /* Release */ = {
			isa = XCBuildConfiguration;
			buildSettings = {
				ALWAYS_EMBED_SWIFT_STANDARD_LIBRARIES = YES;
				BUNDLE_LOADER = "$(TEST_HOST)";
				CODE_SIGN_STYLE = Automatic;
				INFOPLIST_FILE = SeeFoodTests/Info.plist;
				LD_RUNPATH_SEARCH_PATHS = (
					"$(inherited)",
					"@executable_path/Frameworks",
					"@loader_path/Frameworks",
				);
				PRODUCT_BUNDLE_IDENTIFIER = com.exxeta.SeeFoodTests;
				PRODUCT_NAME = "$(TARGET_NAME)";
				SWIFT_VERSION = 4.0;
				TARGETED_DEVICE_FAMILY = "1,2";
				TEST_HOST = "$(BUILT_PRODUCTS_DIR)/SeeFood.app/SeeFood";
			};
			name = Release;
		};
		8930A2AF208FD72300F40122 /* Debug */ = {
			isa = XCBuildConfiguration;
			buildSettings = {
				ALWAYS_EMBED_SWIFT_STANDARD_LIBRARIES = YES;
				CODE_SIGN_STYLE = Automatic;
				INFOPLIST_FILE = SeeFoodUITests/Info.plist;
				LD_RUNPATH_SEARCH_PATHS = (
					"$(inherited)",
					"@executable_path/Frameworks",
					"@loader_path/Frameworks",
				);
				PRODUCT_BUNDLE_IDENTIFIER = com.exxeta.SeeFoodUITests;
				PRODUCT_NAME = "$(TARGET_NAME)";
				SWIFT_VERSION = 4.0;
				TARGETED_DEVICE_FAMILY = "1,2";
				TEST_TARGET_NAME = SeeFood;
			};
			name = Debug;
		};
		8930A2B0208FD72300F40122 /* Release */ = {
			isa = XCBuildConfiguration;
			buildSettings = {
				ALWAYS_EMBED_SWIFT_STANDARD_LIBRARIES = YES;
				CODE_SIGN_STYLE = Automatic;
				INFOPLIST_FILE = SeeFoodUITests/Info.plist;
				LD_RUNPATH_SEARCH_PATHS = (
					"$(inherited)",
					"@executable_path/Frameworks",
					"@loader_path/Frameworks",
				);
				PRODUCT_BUNDLE_IDENTIFIER = com.exxeta.SeeFoodUITests;
				PRODUCT_NAME = "$(TARGET_NAME)";
				SWIFT_VERSION = 4.0;
				TARGETED_DEVICE_FAMILY = "1,2";
				TEST_TARGET_NAME = SeeFood;
			};
			name = Release;
		};
/* End XCBuildConfiguration section */

/* Begin XCConfigurationList section */
		8930A27B208FD72200F40122 /* Build configuration list for PBXProject "SeeFood" */ = {
			isa = XCConfigurationList;
			buildConfigurations = (
				8930A2A6208FD72300F40122 /* Debug */,
				8930A2A7208FD72300F40122 /* Release */,
			);
			defaultConfigurationIsVisible = 0;
			defaultConfigurationName = Release;
		};
		8930A2A8208FD72300F40122 /* Build configuration list for PBXNativeTarget "SeeFood" */ = {
			isa = XCConfigurationList;
			buildConfigurations = (
				8930A2A9208FD72300F40122 /* Debug */,
				8930A2AA208FD72300F40122 /* Release */,
			);
			defaultConfigurationIsVisible = 0;
			defaultConfigurationName = Release;
		};
		8930A2AB208FD72300F40122 /* Build configuration list for PBXNativeTarget "SeeFoodTests" */ = {
			isa = XCConfigurationList;
			buildConfigurations = (
				8930A2AC208FD72300F40122 /* Debug */,
				8930A2AD208FD72300F40122 /* Release */,
			);
			defaultConfigurationIsVisible = 0;
			defaultConfigurationName = Release;
		};
		8930A2AE208FD72300F40122 /* Build configuration list for PBXNativeTarget "SeeFoodUITests" */ = {
			isa = XCConfigurationList;
			buildConfigurations = (
				8930A2AF208FD72300F40122 /* Debug */,
				8930A2B0208FD72300F40122 /* Release */,
			);
			defaultConfigurationIsVisible = 0;
			defaultConfigurationName = Release;
		};
/* End XCConfigurationList section */
	};
	rootObject = 8930A278208FD72200F40122 /* Project object */;
}
